
Microsoft Visual Studio Solution File, Format Version 12.00
Project("{FAE04EC0-301F-11D3-BF4B-00C04F79EFBC}") = "ForgeUI.Web", "src\ForgeUI.Web\ForgeUI.Web.csproj", "{E4859A58-A068-4326-9471-BCBFF7EF9BF6}"
EndProject
Project("{FAE04EC0-301F-11D3-BF4B-00C04F79EFBC}") = "ForgeUI.Application", "src\ForgeUI.Application\ForgeUI.Application.csproj", "{C0430C0D-FEF0-4944-96D3-C833A9025CBB}"
EndProject
Global
	GlobalSection(SolutionConfigurationPlatforms) = preSolution
		Debug|Any CPU = Debug|Any CPU
		Release|Any CPU = Release|Any CPU
	EndGlobalSection
	GlobalSection(ProjectConfigurationPlatforms) = postSolution
		{E4859A58-A068-4326-9471-BCBFF7EF9BF6}.Debug|Any CPU.ActiveCfg = Debug|Any CPU
		{E4859A58-A068-4326-9471-BCBFF7EF9BF6}.Debug|Any CPU.Build.0 = Debug|Any CPU
		{E4859A58-A068-4326-9471-BCBFF7EF9BF6}.Release|Any CPU.ActiveCfg = Release|Any CPU
		{E4859A58-A068-4326-9471-BCBFF7EF9BF6}.Release|Any CPU.Build.0 = Release|Any CPU
		{C0430C0D-FEF0-4944-96D3-C833A9025CBB}.Debug|Any CPU.ActiveCfg = Debug|Any CPU
		{C0430C0D-FEF0-4944-96D3-C833A9025CBB}.Debug|Any CPU.Build.0 = Debug|Any CPU
		{C0430C0D-FEF0-4944-96D3-C833A9025CBB}.Release|Any CPU.ActiveCfg = Release|Any CPU
		{C0430C0D-FEF0-4944-96D3-C833A9025CBB}.Release|Any CPU.Build.0 = Release|Any CPU
	EndGlobalSection
	GlobalSection(NestedProjects) = preSolution
	EndGlobalSection
EndGlobal
